github.com/aws/aws-lambda-go v1.47.0 h1:0H8s0vumYx/YKs4sE7YM0ktwL2eWse+kfopsRI1sXVI=
github.com/aws/aws-lambda-go v1.47.0/go.mod h1:dpMpZgvWx5vuQJfBt0zqBha60q7Dd7RfgJv23DymV8A=
github.com/aws/aws-lambda-go v1.49.0 h1:z4VhTqkFZPM3xpEtTqWqRqsRH4TZBMJqTkRiBPYLqIQ=
github.com/aws/aws-lambda-go v1.49.0/go.mod h1:dpMpZgvWx5vuQJfBt0zqBha60q7Dd7RfgJv23DymV8A=
github.com/aws/aws-sdk-go-v2 v1.36.0 h1:b1wM5CcE65Ujwn565qcwgtOTT1aT4ADOHHgglKjG7fk=
github.com/aws/aws-sdk-go-v2 v1.36.0/go.mod h1:5PMILGVKiW32oDzjj6RU52yrNrDPUHcbZQYr1sM7qmM=
github.com/aws/aws-sdk-go-v2 v1.36.4 h1:GySzjhVvx0ERP6eyfAbAuAXLtAda5TEy19E5q5W8I9E=
github.com/aws/aws-sdk-go-v2 v1.36.4/go.mod h1:LLXuLpgzEbD766Z5ECcRmi8AzSwfZItDtmABVkRLGzg=
github.com/aws/aws-sdk-go-v2/config v1.29.4 h1:ObNqKsDYFGr2WxnoXKOhCvTlf3HhwtoGgc+KmZ4H5yg=
github.com/aws/aws-sdk-go-v2/config v1.29.4/go.mod h1:j2/AF7j/qxVmsNIChw1tWfsVKOayJoGRDjg1Tgq7NPk=
github.com/aws/aws-sdk-go-v2/config v1.29.16 h1:XkruGnXX1nEZ+Nyo9v84TzsX+nj86icbFAeust6uo8A=
github.com/aws/aws-sdk-go-v2/config v1.29.16/go.mod h1:uCW7PNjGwZ5cOGZ5jr8vCWrYkGIhPoTNV23Q/tpHKzg=
github.com/aws/aws-sdk-go-v2/credentials v1.17.57 h1:kFQDsbdBAR3GZsB8xA+51ptEnq9TIj3tS4MuP5b+TcQ=
github.com/aws/aws-sdk-go-v2/credentials v1.17.57/go.mod h1:2kerxPUUbTagAr/kkaHiqvj/bcYHzi2qiJS/ZinllU0=
github.com/aws/aws-sdk-go-v2/credentials v1.17.69 h1:8B8ZQboRc3uaIKjshve/XlvJ570R7BKNy3gftSbS178=
github.com/aws/aws-sdk-go-v2/credentials v1.17.69/go.mod h1:gPME6I8grR1jCqBFEGthULiolzf/Sexq/Wy42ibKK9c=
github.com/aws/aws-sdk-go-v2/feature/ec2/imds v1.16.27 h1:7lOW8NUwE9UZekS1DYoiPdVAqZ6A+LheHWb+mHbNOq8=
github.com/aws/aws-sdk-go-v2/feature/ec2/imds v1.16.27/go.mod h1:w1BASFIPOPUae7AgaH4SbjNbfdkxuggLyGfNFTn8ITY=
github.com/aws/aws-sdk-go-v2/feature/ec2/imds v1.16.31 h1:oQWSGexYasNpYp4epLGZxxjsDo8BMBh6iNWkTXQvkwk=
github.com/aws/aws-sdk-go-v2/feature/ec2/imds v1.16.31/go.mod h1:nc332eGUU+djP3vrMI6blS0woaCfHTe3KiSQUVTMRq0=
github.com/aws/aws-sdk-go-v2/internal/configsources v1.3.31 h1:lWm9ucLSRFiI4dQQafLrEOmEDGry3Swrz0BIRdiHJqQ=
github.com/aws/aws-sdk-go-v2/internal/configsources v1.3.31/go.mod h1:Huu6GG0YTfbPphQkDSo4dEGmQRTKb9k9G7RdtyQWxuI=
github.com/aws/aws-sdk-go-v2/internal/configsources v1.3.35 h1:o1v1VFfPcDVlK3ll1L5xHsaQAFdNtZ5GXnNR7SwueC4=
github.com/aws/aws-sdk-go-v2/internal/configsources v1.3.35/go.mod h1:rZUQNYMNG+8uZxz9FOerQJ+FceCiodXvixpeRtdESrU=
github.com/aws/aws-sdk-go-v2/internal/endpoints/v2 v2.6.31 h1:ACxDklUKKXb48+eg5ROZXi1vDgfMyfIA/WyvqHcHI0o=
github.com/aws/aws-sdk-go-v2/internal/endpoints/v2 v2.6.31/go.mod h1:yadnfsDwqXeVaohbGc/RaD287PuyRw2wugkh5ZL2J6k=
github.com/aws/aws-sdk-go-v2/internal/endpoints/v2 v2.6.35 h1:R5b82ubO2NntENm3SAm0ADME+H630HomNJdgv+yZ3xw=
github.com/aws/aws-sdk-go-v2/internal/endpoints/v2 v2.6.35/go.mod h1:FuA+nmgMRfkzVKYDNEqQadvEMxtxl9+RLT9ribCwEMs=
github.com/aws/aws-sdk-go-v2/internal/ini v1.8.2 h1:Pg9URiobXy85kgFev3og2CuOZ8JZUBENF+dcgWBaYNk=
github.com/aws/aws-sdk-go-v2/internal/ini v1.8.2/go.mod h1:FbtygfRFze9usAadmnGJNc8KsP346kEe+y2/oyhGAGc=
github.com/aws/aws-sdk-go-v2/internal/ini v1.8.3 h1:bIqFDwgGXXN1Kpp99pDOdKMTTb5d2KyU5X/BZxjOkRo=
github.com/aws/aws-sdk-go-v2/internal/ini v1.8.3/go.mod h1:H5O/EsxDWyU+LP/V8i5sm8cxoZgc2fdNR9bxlOFrQTo=
github.com/aws/aws-sdk-go-v2/service/internal/accept-encoding v1.12.2 h1:D4oz8/CzT9bAEYtVhSBmFj2dNOtaHOtMKc2vHBwYizA=
github.com/aws/aws-sdk-go-v2/service/internal/accept-encoding v1.12.2/go.mod h1:Za3IHqTQ+yNcRHxu1OFucBh0ACZT4j4VQFF0BqpZcLY=
github.com/aws/aws-sdk-go-v2/service/internal/accept-encoding v1.12.3 h1:eAh2A4b5IzM/lum78bZ590jy36+d/aFLgKF/4Vd1xPE=
github.com/aws/aws-sdk-go-v2/service/internal/accept-encoding v1.12.3/go.mod h1:0yKJC/kb8sAnmlYa6Zs3QVYqaC8ug2AbnNChv5Ox3uA=
github.com/aws/aws-sdk-go-v2/service/internal/presigned-url v1.12.12 h1:O+8vD2rGjfihBewr5bT+QUfYUHIxCVgG61LHoT59shM=
github.com/aws/aws-sdk-go-v2/service/internal/presigned-url v1.12.12/go.mod h1:usVdWJaosa66NMvmCrr08NcWDBRv4E6+YFG2pUdw1Lk=
github.com/aws/aws-sdk-go-v2/service/internal/presigned-url v1.12.16 h1:/ldKrPPXTC421bTNWrUIpq3CxwHwRI/kpc+jPUTJocM=
github.com/aws/aws-sdk-go-v2/service/internal/presigned-url v1.12.16/go.mod h1:5vkf/Ws0/wgIMJDQbjI4p2op86hNW6Hie5QtebrDgT8=
github.com/aws/aws-sdk-go-v2/service/secretsmanager v1.34.16 h1:tIgXdHiHVELZm56dCK7fQ8c4gFMoz6AkhHksrxpmAFQ=
github.com/aws/aws-sdk-go-v2/service/secretsmanager v1.34.16/go.mod h1:5WGcD7Mks8G/VNlpHp2ZwfP5pVIZp0zp8nauLU7NuLM=
github.com/aws/aws-sdk-go-v2/service/secretsmanager v1.35.6 h1:l4mxH8imZoflVEWWa8VT8skwObm+t0KEveqEskyiKEo=
github.com/aws/aws-sdk-go-v2/service/secretsmanager v1.35.6/go.mod h1:1qwmvfRBGTQ5shUxu+eQO/S2+O6o6SxbvcvtN62kmc0=
github.com/aws/aws-sdk-go-v2/service/sso v1.24.14 h1:c5WJ3iHz7rLIgArznb3JCSQT3uUMiz9DLZhIX+1G8ok=
github.com/aws/aws-sdk-go-v2/service/sso v1.24.14/go.mod h1:+JJQTxB6N4niArC14YNtxcQtwEqzS3o9Z32n7q33Rfs=
github.com/aws/aws-sdk-go-v2/service/sso v1.25.4 h1:EU58LP8ozQDVroOEyAfcq0cGc5R/FTZjVoYJ6tvby3w=
github.com/aws/aws-sdk-go-v2/service/sso v1.25.4/go.mod h1:CrtOgCcysxMvrCoHnvNAD7PHWclmoFG78Q2xLK0KKcs=
github.com/aws/aws-sdk-go-v2/service/ssooidc v1.28.13 h1:f1L/JtUkVODD+k1+IiSJUUv8A++2qVr+Xvb3xWXETMU=
github.com/aws/aws-sdk-go-v2/service/ssooidc v1.28.13/go.mod h1:tvqlFoja8/s0o+UruA1Nrezo/df0PzdunMDDurUfg6U=
github.com/aws/aws-sdk-go-v2/service/ssooidc v1.30.2 h1:XB4z0hbQtpmBnb1FQYvKaCM7UsS6Y/u8jVBwIUGeCTk=
github.com/aws/aws-sdk-go-v2/service/ssooidc v1.30.2/go.mod h1:hwRpqkRxnQ58J9blRDrB4IanlXCpcKmsC83EhG77upg=
github.com/aws/aws-sdk-go-v2/service/sts v1.33.12 h1:fqg6c1KVrc3SYWma/egWue5rKI4G2+M4wMQN2JosNAA=
github.com/aws/aws-sdk-go-v2/service/sts v1.33.12/go.mod h1:7Yn+p66q/jt38qMoVfNvjbm3D89mGBnkwDcijgtih8w=
github.com/aws/aws-sdk-go-v2/service/sts v1.33.21 h1:nyLjs8sYJShFYj6aiyjCBI3EcLn1udWrQTjEF+SOXB0=
github.com/aws/aws-sdk-go-v2/service/sts v1.33.21/go.mod h1:EhdxtZ+g84MSGrSrHzZiUm9PYiZkrADNja15wtRJSJo=
github.com/aws/smithy-go v1.22.2 h1:6D9hW43xKFrRx/tXXfAlIZc4JI+yQe6snnWcQyxSyLQ=
github.com/aws/smithy-go v1.22.2/go.mod h1:irrKGvNn1InZwb2d7fkIRNucdfwR8R+Ts3wxYa/cJHg=
github.com/aws/smithy-go v1.22.4 h1:uqXzVZNuNexwc/xrh6Tb56u89WDlJY6HS+KC0S4QSjw=
github.com/aws/smithy-go v1.22.4/go.mod h1:t1ufH5HMublsJYulve2RKmHDC15xu1f26kHCp/HgceI=
github.com/davecgh/go-spew v1.1.1 h1:vj9j/u1bqnvCEfJOwUhtlOARqs3+rkHYY13jYWTU97c=
github.com/davecgh/go-spew v1.1.1/go.mod h1:J7Y8YcW2NihsgmVo/mv3lAwl/skON4iLHjSsI+c5H38=
github.com/pmezard/go-difflib v1.0.0 h1:4DBwDE0NGyQoBHbLQYPwSUPoCMWR5BEzIk/f1lZbAQM=
github.com/pmezard/go-difflib v1.0.0/go.mod h1:iKH77koFhYxTK1pcRnkKkqfTogsbg7gZNVY4sRDYZ/4=
github.com/stretchr/testify v1.10.0 h1:Xv5erBjTwe/5IxqUQTdXv5kgmIvbHo3QQyRwhJsOfJA=
github.com/stretchr/testify v1.10.0/go.mod h1:r2ic/lqez/lEtzL7wO/rwa5dbSLXVDPFyf8C91i36aY=
gopkg.in/check.v1 v0.0.0-20161208181325-20d25e280405 h1:yhCVgyC4o1eVCa2tZl7eS0r+SDo693bJlVdllGtEeKM=
gopkg.in/check.v1 v0.0.0-20161208181325-20d25e280405/go.mod h1:Co6ibVJAznAaIkqp8huTwlJQCZ016jof/cbN4VW5Yz0=
gopkg.in/yaml.v3 v3.0.1 h1:fxVm/GzAzEWqLHuvctI91KS9hhNmmWOoWu0XTYJS7CA=
gopkg.in/yaml.v3 v3.0.1/go.mod h1:K4uyk7z7BCEPqu6E+C64Yfv1cQ7kz7rIZviUmN+EgEM=
